
Microsoft Visual Studio Solution File, Format Version 12.00
# Visual Studio 15
VisualStudioVersion = 15.0.28307.645
MinimumVisualStudioVersion = 10.0.40219.1
Project("{8BC9CEB8-8B4A-11D0-8D11-00A0C91BC942}") = "C_lesson_two", "C_lesson_two\C_lesson_two.vcxproj", "{64B9C350-AC38-4D5E-8381-B7B4AD52ECC0}"
EndProject
Global
	GlobalSection(SolutionConfigurationPlatforms) = preSolution
		Debug|Any CPU = Debug|Any CPU
		Debug|x64 = Debug|x64
		Debug|x86 = Debug|x86
		Release|Any CPU = Release|Any CPU
		Release|x64 = Release|x64
		Release|x86 = Release|x86
	EndGlobalSection
	GlobalSection(ProjectConfigurationPlatforms) = postSolution
		{64B9C350-AC38-4D5E-8381-B7B4AD52ECC0}.Debug|Any CPU.ActiveCfg = Debug|Win32
		{64B9C350-AC38-4D5E-8381-B7B4AD52ECC0}.Debug|x64.ActiveCfg = Debug|x64
		{64B9C350-AC38-4D5E-8381-B7B4AD52ECC0}.Debug|x64.Build.0 = Debug|x64
		{64B9C350-AC38-4D5E-8381-B7B4AD52ECC0}.Debug|x86.ActiveCfg = Debug|Win32
		{64B9C350-AC38-4D5E-8381-B7B4AD52ECC0}.Debug|x86.Build.0 = Debug|Win32
		{64B9C350-AC38-4D5E-8381-B7B4AD52ECC0}.Release|Any CPU.ActiveCfg = Release|Win32
		{64B9C350-AC38-4D5E-8381-B7B4AD52ECC0}.Release|x64.ActiveCfg = Release|x64
		{64B9C350-AC38-4D5E-8381-B7B4AD52ECC0}.Release|x64.Build.0 = Release|x64
		{64B9C350-AC38-4D5E-8381-B7B4AD52ECC0}.Release|x86.ActiveCfg = Release|Win32
		{64B9C350-AC38-4D5E-8381-B7B4AD52ECC0}.Release|x86.Build.0 = Release|Win32
	EndGlobalSection
	GlobalSection(SolutionProperties) = preSolution
		HideSolutionNode = FALSE
	EndGlobalSection
	GlobalSection(ExtensibilityGlobals) = postSolution
		SolutionGuid = {247551F1-ABF9-4153-9BD8-2A1E63987D6A}
	EndGlobalSection
EndGlobal
